
Microsoft Visual Studio Solution File, Format Version 12.00
# Visual Studio 15
VisualStudioVersion = 15.0.28010.2046
MinimumVisualStudioVersion = 10.0.40219.1
Project("{FAE04EC0-301F-11D3-BF4B-00C04F79EFBC}") = "Example1", "Example1\Example1.csproj", "{012ACF11-D79E-42D7-978C-35C1736481CB}"
EndProject
Project("{FAE04EC0-301F-11D3-BF4B-00C04F79EFBC}") = "Example2", "Example2\Example2.csproj", "{8928E49B-3227-4705-B04F-0D01C4EECA61}"
EndProject
Project("{FAE04EC0-301F-11D3-BF4B-00C04F79EFBC}") = "Example3", "Example3\Example3.csproj", "{818A3231-EDBD-447D-BD38-912A5DA91F88}"
EndProject
Project("{FAE04EC0-301F-11D3-BF4B-00C04F79EFBC}") = "Example4", "Example4\Example4.csproj", "{97F183FF-FCB3-4ABE-8DA2-021F567A74A9}"
EndProject
Project("{FAE04EC0-301F-11D3-BF4B-00C04F79EFBC}") = "Example5", "Example5\Example5.csproj", "{4EF568E5-6D38-4D40-84E2-3FC41635E8F3}"
EndProject
Project("{FAE04EC0-301F-11D3-BF4B-00C04F79EFBC}") = "Example6", "Example6\Example6.csproj", "{6701B7DC-0429-4641-B42C-A06E0B8ACB92}"
EndProject
Project("{FAE04EC0-301F-11D3-BF4B-00C04F79EFBC}") = "Example7", "Example7\Example7.csproj", "{A0EFCBBC-15B8-4456-BCD2-99E74B3D4B19}"
EndProject
Global
	GlobalSection(SolutionConfigurationPlatforms) = preSolution
		Debug|Any CPU = Debug|Any CPU
		Release|Any CPU = Release|Any CPU
	EndGlobalSection
	GlobalSection(ProjectConfigurationPlatforms) = postSolution
		{012ACF11-D79E-42D7-978C-35C1736481CB}.Debug|Any CPU.ActiveCfg = Debug|Any CPU
		{012ACF11-D79E-42D7-978C-35C1736481CB}.Debug|Any CPU.Build.0 = Debug|Any CPU
		{012ACF11-D79E-42D7-978C-35C1736481CB}.Release|Any CPU.ActiveCfg = Release|Any CPU
		{012ACF11-D79E-42D7-978C-35C1736481CB}.Release|Any CPU.Build.0 = Release|Any CPU
		{8928E49B-3227-4705-B04F-0D01C4EECA61}.Debug|Any CPU.ActiveCfg = Debug|Any CPU
		{8928E49B-3227-4705-B04F-0D01C4EECA61}.Debug|Any CPU.Build.0 = Debug|Any CPU
		{8928E49B-3227-4705-B04F-0D01C4EECA61}.Release|Any CPU.ActiveCfg = Release|Any CPU
		{8928E49B-3227-4705-B04F-0D01C4EECA61}.Release|Any CPU.Build.0 = Release|Any CPU
		{818A3231-EDBD-447D-BD38-912A5DA91F88}.Debug|Any CPU.ActiveCfg = Debug|Any CPU
		{818A3231-EDBD-447D-BD38-912A5DA91F88}.Debug|Any CPU.Build.0 = Debug|Any CPU
		{818A3231-EDBD-447D-BD38-912A5DA91F88}.Release|Any CPU.ActiveCfg = Release|Any CPU
		{818A3231-EDBD-447D-BD38-912A5DA91F88}.Release|Any CPU.Build.0 = Release|Any CPU
		{97F183FF-FCB3-4ABE-8DA2-021F567A74A9}.Debug|Any CPU.ActiveCfg = Debug|Any CPU
		{97F183FF-FCB3-4ABE-8DA2-021F567A74A9}.Debug|Any CPU.Build.0 = Debug|Any CPU
		{97F183FF-FCB3-4ABE-8DA2-021F567A74A9}.Release|Any CPU.ActiveCfg = Release|Any CPU
		{97F183FF-FCB3-4ABE-8DA2-021F567A74A9}.Release|Any CPU.Build.0 = Release|Any CPU
		{4EF568E5-6D38-4D40-84E2-3FC41635E8F3}.Debug|Any CPU.ActiveCfg = Debug|Any CPU
		{4EF568E5-6D38-4D40-84E2-3FC41635E8F3}.Debug|Any CPU.Build.0 = Debug|Any CPU
		{4EF568E5-6D38-4D40-84E2-3FC41635E8F3}.Release|Any CPU.ActiveCfg = Release|Any CPU
		{4EF568E5-6D38-4D40-84E2-3FC41635E8F3}.Release|Any CPU.Build.0 = Release|Any CPU
		{6701B7DC-0429-4641-B42C-A06E0B8ACB92}.Debug|Any CPU.ActiveCfg = Debug|Any CPU
		{6701B7DC-0429-4641-B42C-A06E0B8ACB92}.Debug|Any CPU.Build.0 = Debug|Any CPU
		{6701B7DC-0429-4641-B42C-A06E0B8ACB92}.Release|Any CPU.ActiveCfg = Release|Any CPU
		{6701B7DC-0429-4641-B42C-A06E0B8ACB92}.Release|Any CPU.Build.0 = Release|Any CPU
		{A0EFCBBC-15B8-4456-BCD2-99E74B3D4B19}.Debug|Any CPU.ActiveCfg = Debug|Any CPU
		{A0EFCBBC-15B8-4456-BCD2-99E74B3D4B19}.Debug|Any CPU.Build.0 = Debug|Any CPU
		{A0EFCBBC-15B8-4456-BCD2-99E74B3D4B19}.Release|Any CPU.ActiveCfg = Release|Any CPU
		{A0EFCBBC-15B8-4456-BCD2-99E74B3D4B19}.Release|Any CPU.Build.0 = Release|Any CPU
	EndGlobalSection
	GlobalSection(SolutionProperties) = preSolution
		HideSolutionNode = FALSE
	EndGlobalSection
	GlobalSection(ExtensibilityGlobals) = postSolution
		SolutionGuid = {BD1A421A-EB60-4339-85A8-FC635B9DA105}
	EndGlobalSection
EndGlobal
